
Microsoft Visual Studio Solution File, Format Version 12.00
# Visual Studio Version 17
VisualStudioVersion = 17.7.34024.191
MinimumVisualStudioVersion = 10.0.40219.1
Project("{9A19103F-16F7-4668-BE54-9A1E7A4F7556}") = "AppTester", "AppTester\AppTester.csproj", "{9325E5B6-9A46-4D0B-AA29-2396E51DABD7}"
EndProject
Project("{9A19103F-16F7-4668-BE54-9A1E7A4F7556}") = "ServicesCalendarCore", "ServicesCalendarCore\ServicesCalendarCore.csproj", "{FB01F59D-1091-4FAE-89C1-65E29E9F85CD}"
EndProject
Project("{9A19103F-16F7-4668-BE54-9A1E7A4F7556}") = "ServiceCalendarData", "ServiceCalendarData\ServiceCalendarData.csproj", "{7513F2BD-7E15-4BC1-B4FC-59F9B00EE583}"
EndProject
Global
	GlobalSection(SolutionConfigurationPlatforms) = preSolution
		Debug|Any CPU = Debug|Any CPU
		Release|Any CPU = Release|Any CPU
	EndGlobalSection
	GlobalSection(ProjectConfigurationPlatforms) = postSolution
		{9325E5B6-9A46-4D0B-AA29-2396E51DABD7}.Debug|Any CPU.ActiveCfg = Debug|Any CPU
		{9325E5B6-9A46-4D0B-AA29-2396E51DABD7}.Debug|Any CPU.Build.0 = Debug|Any CPU
		{9325E5B6-9A46-4D0B-AA29-2396E51DABD7}.Release|Any CPU.ActiveCfg = Release|Any CPU
		{9325E5B6-9A46-4D0B-AA29-2396E51DABD7}.Release|Any CPU.Build.0 = Release|Any CPU
		{FB01F59D-1091-4FAE-89C1-65E29E9F85CD}.Debug|Any CPU.ActiveCfg = Debug|Any CPU
		{FB01F59D-1091-4FAE-89C1-65E29E9F85CD}.Debug|Any CPU.Build.0 = Debug|Any CPU
		{FB01F59D-1091-4FAE-89C1-65E29E9F85CD}.Release|Any CPU.ActiveCfg = Release|Any CPU
		{FB01F59D-1091-4FAE-89C1-65E29E9F85CD}.Release|Any CPU.Build.0 = Release|Any CPU
		{7513F2BD-7E15-4BC1-B4FC-59F9B00EE583}.Debug|Any CPU.ActiveCfg = Debug|Any CPU
		{7513F2BD-7E15-4BC1-B4FC-59F9B00EE583}.Debug|Any CPU.Build.0 = Debug|Any CPU
		{7513F2BD-7E15-4BC1-B4FC-59F9B00EE583}.Release|Any CPU.ActiveCfg = Release|Any CPU
		{7513F2BD-7E15-4BC1-B4FC-59F9B00EE583}.Release|Any CPU.Build.0 = Release|Any CPU
	EndGlobalSection
	GlobalSection(SolutionProperties) = preSolution
		HideSolutionNode = FALSE
	EndGlobalSection
	GlobalSection(ExtensibilityGlobals) = postSolution
		SolutionGuid = {2BAD40D7-4B5F-425E-956B-69996E25C87E}
	EndGlobalSection
EndGlobal
